
Microsoft Visual Studio Solution File, Format Version 12.00
# Visual Studio Version 16
VisualStudioVersion = 16.0.29806.167
MinimumVisualStudioVersion = 10.0.40219.1
Project("{9A19103F-16F7-4668-BE54-9A1E7A4F7556}") = "RestauranteCodenation.Api", "RestauranteCodenation.Api\RestauranteCodenation.Api.csproj", "{0C1E9B0C-FEF2-4F68-A1F3-0442EBFF8C9A}"
EndProject
Project("{9A19103F-16F7-4668-BE54-9A1E7A4F7556}") = "RestauranteCodenation.Domain", "RestauranteCodenation.Domain\RestauranteCodenation.Domain.csproj", "{AC23C25D-C525-4E69-BE34-B676BA30287B}"
EndProject
Project("{9A19103F-16F7-4668-BE54-9A1E7A4F7556}") = "RestauranteCodenation.Data", "RestauranteCodenation.Data\RestauranteCodenation.Data.csproj", "{F4CAAEC9-0935-4519-91B8-C892F4F8240C}"
EndProject
Project("{FAE04EC0-301F-11D3-BF4B-00C04F79EFBC}") = "RestauranteCodenation.Application", "RestauranteCodenation.Application\RestauranteCodenation.Application.csproj", "{6D3FAEEB-D987-4833-9208-069F52579221}"
EndProject
Global
	GlobalSection(SolutionConfigurationPlatforms) = preSolution
		Debug|Any CPU = Debug|Any CPU
		Release|Any CPU = Release|Any CPU
	EndGlobalSection
	GlobalSection(ProjectConfigurationPlatforms) = postSolution
		{0C1E9B0C-FEF2-4F68-A1F3-0442EBFF8C9A}.Debug|Any CPU.ActiveCfg = Debug|Any CPU
		{0C1E9B0C-FEF2-4F68-A1F3-0442EBFF8C9A}.Debug|Any CPU.Build.0 = Debug|Any CPU
		{0C1E9B0C-FEF2-4F68-A1F3-0442EBFF8C9A}.Release|Any CPU.ActiveCfg = Release|Any CPU
		{0C1E9B0C-FEF2-4F68-A1F3-0442EBFF8C9A}.Release|Any CPU.Build.0 = Release|Any CPU
		{AC23C25D-C525-4E69-BE34-B676BA30287B}.Debug|Any CPU.ActiveCfg = Debug|Any CPU
		{AC23C25D-C525-4E69-BE34-B676BA30287B}.Debug|Any CPU.Build.0 = Debug|Any CPU
		{AC23C25D-C525-4E69-BE34-B676BA30287B}.Release|Any CPU.ActiveCfg = Release|Any CPU
		{AC23C25D-C525-4E69-BE34-B676BA30287B}.Release|Any CPU.Build.0 = Release|Any CPU
		{F4CAAEC9-0935-4519-91B8-C892F4F8240C}.Debug|Any CPU.ActiveCfg = Debug|Any CPU
		{F4CAAEC9-0935-4519-91B8-C892F4F8240C}.Debug|Any CPU.Build.0 = Debug|Any CPU
		{F4CAAEC9-0935-4519-91B8-C892F4F8240C}.Release|Any CPU.ActiveCfg = Release|Any CPU
		{F4CAAEC9-0935-4519-91B8-C892F4F8240C}.Release|Any CPU.Build.0 = Release|Any CPU
		{6D3FAEEB-D987-4833-9208-069F52579221}.Debug|Any CPU.ActiveCfg = Debug|Any CPU
		{6D3FAEEB-D987-4833-9208-069F52579221}.Debug|Any CPU.Build.0 = Debug|Any CPU
		{6D3FAEEB-D987-4833-9208-069F52579221}.Release|Any CPU.ActiveCfg = Release|Any CPU
		{6D3FAEEB-D987-4833-9208-069F52579221}.Release|Any CPU.Build.0 = Release|Any CPU
	EndGlobalSection
	GlobalSection(SolutionProperties) = preSolution
		HideSolutionNode = FALSE
	EndGlobalSection
	GlobalSection(ExtensibilityGlobals) = postSolution
		SolutionGuid = {2A6CFE48-332F-45AF-8501-04F5F281323B}
	EndGlobalSection
EndGlobal
